{
  "name": "myapp",
  "version": "1.0.0",
  "lockfileVersion": 2,
  "requires": true,
  "packages": {
    "": {
      "name": "myapp",
      "version": "1.0.0",
      "license": "ISC",
      "dependencies": {
        "@devleandrodias/fluentsql": "^1.0.0"
      }
    },
    "node_modules/@devleandrodias/fluentsql": {
      "version": "1.0.1",
      "resolved": "https://registry.npmjs.org/@devleandrodias/fluentsql/-/fluentsql-1.0.1.tgz",
      "integrity": "sha512-4y5IPPUZ4mt0NXWXx7LOFxq0gQWJ8tiQbQzdI8Q9xwR6zge4mOiZ/qKRtcBBIanG91pGa4yayjOa+pekLSbG7A=="
    }
  },
  "dependencies": {
    "@devleandrodias/fluentsql": {
      "version": "1.0.1",
      "resolved": "https://registry.npmjs.org/@devleandrodias/fluentsql/-/fluentsql-1.0.1.tgz",
      "integrity": "sha512-4y5IPPUZ4mt0NXWXx7LOFxq0gQWJ8tiQbQzdI8Q9xwR6zge4mOiZ/qKRtcBBIanG91pGa4yayjOa+pekLSbG7A=="
    }
  }
}
